
Microsoft Visual Studio Solution File, Format Version 12.00
# Visual Studio Version 17
VisualStudioVersion = 17.10.34916.146
MinimumVisualStudioVersion = 10.0.40219.1
Project("{FAE04EC0-301F-11D3-BF4B-00C04F79EFBC}") = "MakeMeUpzz_UAS", "MakeMeUpzz_UAS\MakeMeUpzz_UAS.csproj", "{FC9DCFEF-4014-492C-93E6-A87F79EA45A2}"
EndProject
Global
	GlobalSection(SolutionConfigurationPlatforms) = preSolution
		Debug|Any CPU = Debug|Any CPU
		Release|Any CPU = Release|Any CPU
	EndGlobalSection
	GlobalSection(ProjectConfigurationPlatforms) = postSolution
		{FC9DCFEF-4014-492C-93E6-A87F79EA45A2}.Debug|Any CPU.ActiveCfg = Debug|Any CPU
		{FC9DCFEF-4014-492C-93E6-A87F79EA45A2}.Debug|Any CPU.Build.0 = Debug|Any CPU
		{FC9DCFEF-4014-492C-93E6-A87F79EA45A2}.Release|Any CPU.ActiveCfg = Release|Any CPU
		{FC9DCFEF-4014-492C-93E6-A87F79EA45A2}.Release|Any CPU.Build.0 = Release|Any CPU
	EndGlobalSection
	GlobalSection(SolutionProperties) = preSolution
		HideSolutionNode = FALSE
	EndGlobalSection
	GlobalSection(ExtensibilityGlobals) = postSolution
		SolutionGuid = {21D8F6AA-1381-4EEB-A7F4-1BEDCBB77644}
	EndGlobalSection
EndGlobal
